# THIS IS AN AUTOGENERATED FILE. DO NOT EDIT THIS FILE DIRECTLY.
# yarn lockfile v1


"@algolia/autocomplete-core@1.9.3":
  version "1.9.3"
  resolved "https://registry.npmmirror.com/@algolia/autocomplete-core/-/autocomplete-core-1.9.3.tgz"
  integrity sha512-009HdfugtGCdC4JdXUbVJClA0q0zh24yyePn+KUGk3rP7j8FEe/m5Yo/z65gn6nP/cM39PxpzqKrL7A6fP6PPw==
  dependencies:
    "@algolia/autocomplete-plugin-algolia-insights" "1.9.3"
    "@algolia/autocomplete-shared" "1.9.3"

"@algolia/autocomplete-plugin-algolia-insights@1.9.3":
  version "1.9.3"
  resolved "https://registry.npmmirror.com/@algolia/autocomplete-plugin-algolia-insights/-/autocomplete-plugin-algolia-insights-1.9.3.tgz"
  integrity sha512-a/yTUkcO/Vyy+JffmAnTWbr4/90cLzw+CC3bRbhnULr/EM0fGNvM13oQQ14f2moLMcVDyAx/leczLlAOovhSZg==
  dependencies:
    "@algolia/autocomplete-shared" "1.9.3"

"@algolia/autocomplete-preset-algolia@1.9.3":
  version "1.9.3"
  resolved "https://registry.npmmirror.com/@algolia/autocomplete-preset-algolia/-/autocomplete-preset-algolia-1.9.3.tgz"
  integrity sha512-d4qlt6YmrLMYy95n5TB52wtNDr6EgAIPH81dvvvW8UmuWRgxEtY0NJiPwl/h95JtG2vmRM804M0DSwMCNZlzRA==
  dependencies:
    "@algolia/autocomplete-shared" "1.9.3"

"@algolia/autocomplete-shared@1.9.3":
  version "1.9.3"
  resolved "https://registry.npmmirror.com/@algolia/autocomplete-shared/-/autocomplete-shared-1.9.3.tgz"
  integrity sha512-Wnm9E4Ye6Rl6sTTqjoymD+l8DjSTHsHboVRYrKgEt8Q7UHm9nYbqhN/i0fhUYA3OAEH7WA8x3jfpnmJm3rKvaQ==

"@algolia/cache-browser-local-storage@4.19.1":
  version "4.19.1"
  resolved "https://registry.npmmirror.com/@algolia/cache-browser-local-storage/-/cache-browser-local-storage-4.19.1.tgz"
  integrity sha512-FYAZWcGsFTTaSAwj9Std8UML3Bu8dyWDncM7Ls8g+58UOe4XYdlgzXWbrIgjaguP63pCCbMoExKr61B+ztK3tw==
  dependencies:
    "@algolia/cache-common" "4.19.1"

"@algolia/cache-common@4.19.1":
  version "4.19.1"
  resolved "https://registry.npmmirror.com/@algolia/cache-common/-/cache-common-4.19.1.tgz"
  integrity sha512-XGghi3l0qA38HiqdoUY+wvGyBsGvKZ6U3vTiMBT4hArhP3fOGLXpIINgMiiGjTe4FVlTa5a/7Zf2bwlIHfRqqg==

"@algolia/cache-in-memory@4.19.1":
  version "4.19.1"
  resolved "https://registry.npmmirror.com/@algolia/cache-in-memory/-/cache-in-memory-4.19.1.tgz"
  integrity sha512-+PDWL+XALGvIginigzu8oU6eWw+o76Z8zHbBovWYcrtWOEtinbl7a7UTt3x3lthv+wNuFr/YD1Gf+B+A9V8n5w==
  dependencies:
    "@algolia/cache-common" "4.19.1"

"@algolia/client-account@4.19.1":
  version "4.19.1"
  resolved "https://registry.npmmirror.com/@algolia/client-account/-/client-account-4.19.1.tgz"
  integrity sha512-Oy0ritA2k7AMxQ2JwNpfaEcgXEDgeyKu0V7E7xt/ZJRdXfEpZcwp9TOg4TJHC7Ia62gIeT2Y/ynzsxccPw92GA==
  dependencies:
    "@algolia/client-common" "4.19.1"
    "@algolia/client-search" "4.19.1"
    "@algolia/transporter" "4.19.1"

"@algolia/client-analytics@4.19.1":
  version "4.19.1"
  resolved "https://registry.npmmirror.com/@algolia/client-analytics/-/client-analytics-4.19.1.tgz"
  integrity sha512-5QCq2zmgdZLIQhHqwl55ZvKVpLM3DNWjFI4T+bHr3rGu23ew2bLO4YtyxaZeChmDb85jUdPDouDlCumGfk6wOg==
  dependencies:
    "@algolia/client-common" "4.19.1"
    "@algolia/client-search" "4.19.1"
    "@algolia/requester-common" "4.19.1"
    "@algolia/transporter" "4.19.1"

"@algolia/client-common@4.19.1":
  version "4.19.1"
  resolved "https://registry.npmmirror.com/@algolia/client-common/-/client-common-4.19.1.tgz"
  integrity sha512-3kAIVqTcPrjfS389KQvKzliC559x+BDRxtWamVJt8IVp7LGnjq+aVAXg4Xogkur1MUrScTZ59/AaUd5EdpyXgA==
  dependencies:
    "@algolia/requester-common" "4.19.1"
    "@algolia/transporter" "4.19.1"

"@algolia/client-personalization@4.19.1":
  version "4.19.1"
  resolved "https://registry.npmmirror.com/@algolia/client-personalization/-/client-personalization-4.19.1.tgz"
  integrity sha512-8CWz4/H5FA+krm9HMw2HUQenizC/DxUtsI5oYC0Jxxyce1vsr8cb1aEiSJArQT6IzMynrERif1RVWLac1m36xw==
  dependencies:
    "@algolia/client-common" "4.19.1"
    "@algolia/requester-common" "4.19.1"
    "@algolia/transporter" "4.19.1"

"@algolia/client-search@>= 4.9.1 < 6", "@algolia/client-search@4.19.1":
  version "4.19.1"
  resolved "https://registry.npmmirror.com/@algolia/client-search/-/client-search-4.19.1.tgz"
  integrity sha512-mBecfMFS4N+yK/p0ZbK53vrZbL6OtWMk8YmnOv1i0LXx4pelY8TFhqKoTit3NPVPwoSNN0vdSN9dTu1xr1XOVw==
  dependencies:
    "@algolia/client-common" "4.19.1"
    "@algolia/requester-common" "4.19.1"
    "@algolia/transporter" "4.19.1"

"@algolia/logger-common@4.19.1":
  version "4.19.1"
  resolved "https://registry.npmmirror.com/@algolia/logger-common/-/logger-common-4.19.1.tgz"
  integrity sha512-i6pLPZW/+/YXKis8gpmSiNk1lOmYCmRI6+x6d2Qk1OdfvX051nRVdalRbEcVTpSQX6FQAoyeaui0cUfLYW5Elw==

"@algolia/logger-console@4.19.1":
  version "4.19.1"
  resolved "https://registry.npmmirror.com/@algolia/logger-console/-/logger-console-4.19.1.tgz"
  integrity sha512-jj72k9GKb9W0c7TyC3cuZtTr0CngLBLmc8trzZlXdfvQiigpUdvTi1KoWIb2ZMcRBG7Tl8hSb81zEY3zI2RlXg==
  dependencies:
    "@algolia/logger-common" "4.19.1"

"@algolia/requester-browser-xhr@4.19.1":
  version "4.19.1"
  resolved "https://registry.npmmirror.com/@algolia/requester-browser-xhr/-/requester-browser-xhr-4.19.1.tgz"
  integrity sha512-09K/+t7lptsweRTueHnSnmPqIxbHMowejAkn9XIcJMLdseS3zl8ObnS5GWea86mu3vy4+8H+ZBKkUN82Zsq/zg==
  dependencies:
    "@algolia/requester-common" "4.19.1"

"@algolia/requester-common@4.19.1":
  version "4.19.1"
  resolved "https://registry.npmmirror.com/@algolia/requester-common/-/requester-common-4.19.1.tgz"
  integrity sha512-BisRkcWVxrDzF1YPhAckmi2CFYK+jdMT60q10d7z3PX+w6fPPukxHRnZwooiTUrzFe50UBmLItGizWHP5bDzVQ==

"@algolia/requester-node-http@4.19.1":
  version "4.19.1"
  resolved "https://registry.npmmirror.com/@algolia/requester-node-http/-/requester-node-http-4.19.1.tgz"
  integrity sha512-6DK52DHviBHTG2BK/Vv2GIlEw7i+vxm7ypZW0Z7vybGCNDeWzADx+/TmxjkES2h15+FZOqVf/Ja677gePsVItA==
  dependencies:
    "@algolia/requester-common" "4.19.1"

"@algolia/transporter@4.19.1":
  version "4.19.1"
  resolved "https://registry.npmmirror.com/@algolia/transporter/-/transporter-4.19.1.tgz"
  integrity sha512-nkpvPWbpuzxo1flEYqNIbGz7xhfhGOKGAZS7tzC+TELgEmi7z99qRyTfNSUlW7LZmB3ACdnqAo+9A9KFBENviQ==
  dependencies:
    "@algolia/cache-common" "4.19.1"
    "@algolia/logger-common" "4.19.1"
    "@algolia/requester-common" "4.19.1"

"@babel/parser@^7.20.15", "@babel/parser@^7.21.3":
  version "7.22.5"
  resolved "https://registry.npmjs.org/@babel/parser/-/parser-7.22.5.tgz"
  integrity sha512-DFZMC9LJUG9PLOclRC32G63UXwzqS2koQC8dkx+PLdmt1xSePYpbT/NbsrJy8Q/muXz7o/h/d4A7Fuyixm559Q==

"@docsearch/css@^3.5.1", "@docsearch/css@3.5.2":
  version "3.5.2"
  resolved "https://registry.npmmirror.com/@docsearch/css/-/css-3.5.2.tgz"
  integrity sha512-SPiDHaWKQZpwR2siD0KQUwlStvIAnEyK6tAE2h2Wuoq8ue9skzhlyVQ1ddzOxX6khULnAALDiR/isSF3bnuciA==

"@docsearch/js@^3.5.1":
  version "3.5.2"
  resolved "https://registry.npmmirror.com/@docsearch/js/-/js-3.5.2.tgz"
  integrity sha512-p1YFTCDflk8ieHgFJYfmyHBki1D61+U9idwrLh+GQQMrBSP3DLGKpy0XUJtPjAOPltcVbqsTjiPFfH7JImjUNg==
  dependencies:
    "@docsearch/react" "3.5.2"
    preact "^10.0.0"

"@docsearch/react@3.5.2":
  version "3.5.2"
  resolved "https://registry.npmmirror.com/@docsearch/react/-/react-3.5.2.tgz"
  integrity sha512-9Ahcrs5z2jq/DcAvYtvlqEBHImbm4YJI8M9y0x6Tqg598P40HTEkX7hsMcIuThI+hTFxRGZ9hll0Wygm2yEjng==
  dependencies:
    "@algolia/autocomplete-core" "1.9.3"
    "@algolia/autocomplete-preset-algolia" "1.9.3"
    "@docsearch/css" "3.5.2"
    algoliasearch "^4.19.1"

"@esbuild/darwin-x64@0.18.20":
  version "0.18.20"
  resolved "https://registry.npmmirror.com/@esbuild/darwin-x64/-/darwin-x64-0.18.20.tgz"
  integrity sha512-pc5gxlMDxzm513qPGbCbDukOdsGtKhfxD1zJKXjCCcU7ju50O7MeAZ8c4krSJcOIJGFR+qx21yMMVYwiQvyTyQ==

"@icon-park/vue-next@^1.4.2":
  version "1.4.2"
  resolved "https://registry.npmjs.org/@icon-park/vue-next/-/vue-next-1.4.2.tgz"
  integrity sha512-+QklF255wkfBOabY+xw6FAI0Bwln/RhdwCunNy/9sKdKuChtaU67QZqU67KGAvZUTeeBgsL+yaHHxqfQeGZXEQ==

"@jridgewell/sourcemap-codec@^1.4.13":
  version "1.4.15"
  resolved "https://registry.npmjs.org/@jridgewell/sourcemap-codec/-/sourcemap-codec-1.4.15.tgz"
  integrity sha512-eF2rxCRulEKXHTRiDrDy6erMYWqNw4LPdQ8UQA4huuxaQsVeRPFl2oM8oDGxMFhJUWZf9McpLtJasDDZb/Bpeg==

"@types/web-bluetooth@^0.0.17":
  version "0.0.17"
  resolved "https://registry.npmmirror.com/@types/web-bluetooth/-/web-bluetooth-0.0.17.tgz"
  integrity sha512-4p9vcSmxAayx72yn70joFoL44c9MO/0+iVEBIQXe3v2h2SiAsEIo/G5v6ObFWvNKRFjbrVadNf9LqEEZeQPzdA==

"@vitejs/plugin-vue@^4.2.3":
  version "4.2.3"
  resolved "https://registry.npmjs.org/@vitejs/plugin-vue/-/plugin-vue-4.2.3.tgz"
  integrity sha512-R6JDUfiZbJA9cMiguQ7jxALsgiprjBeHL5ikpXfJCH62pPHtI+JdJ5xWj6Ev73yXSlYl86+blXn1kZHQ7uElxw==

"@vue/compiler-core@3.3.4":
  version "3.3.4"
  resolved "https://registry.npmjs.org/@vue/compiler-core/-/compiler-core-3.3.4.tgz"
  integrity sha512-cquyDNvZ6jTbf/+x+AgM2Arrp6G4Dzbb0R64jiG804HRMfRiFXWI6kqUVqZ6ZR0bQhIoQjB4+2bhNtVwndW15g==
  dependencies:
    "@babel/parser" "^7.21.3"
    "@vue/shared" "3.3.4"
    estree-walker "^2.0.2"
    source-map-js "^1.0.2"

"@vue/compiler-dom@3.3.4":
  version "3.3.4"
  resolved "https://registry.npmjs.org/@vue/compiler-dom/-/compiler-dom-3.3.4.tgz"
  integrity sha512-wyM+OjOVpuUukIq6p5+nwHYtj9cFroz9cwkfmP9O1nzH68BenTTv0u7/ndggT8cIQlnBeOo6sUT/gvHcIkLA5w==
  dependencies:
    "@vue/compiler-core" "3.3.4"
    "@vue/shared" "3.3.4"

"@vue/compiler-sfc@3.3.4":
  version "3.3.4"
  resolved "https://registry.npmjs.org/@vue/compiler-sfc/-/compiler-sfc-3.3.4.tgz"
  integrity sha512-6y/d8uw+5TkCuzBkgLS0v3lSM3hJDntFEiUORM11pQ/hKvkhSKZrXW6i69UyXlJQisJxuUEJKAWEqWbWsLeNKQ==
  dependencies:
    "@babel/parser" "^7.20.15"
    "@vue/compiler-core" "3.3.4"
    "@vue/compiler-dom" "3.3.4"
    "@vue/compiler-ssr" "3.3.4"
    "@vue/reactivity-transform" "3.3.4"
    "@vue/shared" "3.3.4"
    estree-walker "^2.0.2"
    magic-string "^0.30.0"
    postcss "^8.1.10"
    source-map-js "^1.0.2"

"@vue/compiler-ssr@3.3.4":
  version "3.3.4"
  resolved "https://registry.npmjs.org/@vue/compiler-ssr/-/compiler-ssr-3.3.4.tgz"
  integrity sha512-m0v6oKpup2nMSehwA6Uuu+j+wEwcy7QmwMkVNVfrV9P2qE5KshC6RwOCq8fjGS/Eak/uNb8AaWekfiXxbBB6gQ==
  dependencies:
    "@vue/compiler-dom" "3.3.4"
    "@vue/shared" "3.3.4"

"@vue/devtools-api@^6.5.0":
  version "6.5.0"
  resolved "https://registry.npmjs.org/@vue/devtools-api/-/devtools-api-6.5.0.tgz"
  integrity sha512-o9KfBeaBmCKl10usN4crU53fYtC1r7jJwdGKjPT24t348rHxgfpZ0xL3Xm/gLUYnc0oTp8LAmrxOeLyu6tbk2Q==

"@vue/reactivity-transform@3.3.4":
  version "3.3.4"
  resolved "https://registry.npmjs.org/@vue/reactivity-transform/-/reactivity-transform-3.3.4.tgz"
  integrity sha512-MXgwjako4nu5WFLAjpBnCj/ieqcjE2aJBINUNQzkZQfzIZA4xn+0fV1tIYBJvvva3N3OvKGofRLvQIwEQPpaXw==
  dependencies:
    "@babel/parser" "^7.20.15"
    "@vue/compiler-core" "3.3.4"
    "@vue/shared" "3.3.4"
    estree-walker "^2.0.2"
    magic-string "^0.30.0"

"@vue/reactivity@3.3.4":
  version "3.3.4"
  resolved "https://registry.npmjs.org/@vue/reactivity/-/reactivity-3.3.4.tgz"
  integrity sha512-kLTDLwd0B1jG08NBF3R5rqULtv/f8x3rOFByTDz4J53ttIQEDmALqKqXY0J+XQeN0aV2FBxY8nJDf88yvOPAqQ==
  dependencies:
    "@vue/shared" "3.3.4"

"@vue/runtime-core@3.3.4":
  version "3.3.4"
  resolved "https://registry.npmjs.org/@vue/runtime-core/-/runtime-core-3.3.4.tgz"
  integrity sha512-R+bqxMN6pWO7zGI4OMlmvePOdP2c93GsHFM/siJI7O2nxFRzj55pLwkpCedEY+bTMgp5miZ8CxfIZo3S+gFqvA==
  dependencies:
    "@vue/reactivity" "3.3.4"
    "@vue/shared" "3.3.4"

"@vue/runtime-dom@3.3.4":
  version "3.3.4"
  resolved "https://registry.npmjs.org/@vue/runtime-dom/-/runtime-dom-3.3.4.tgz"
  integrity sha512-Aj5bTJ3u5sFsUckRghsNjVTtxZQ1OyMWCr5dZRAPijF/0Vy4xEoRCwLyHXcj4D0UFbJ4lbx3gPTgg06K/GnPnQ==
  dependencies:
    "@vue/runtime-core" "3.3.4"
    "@vue/shared" "3.3.4"
    csstype "^3.1.1"

"@vue/server-renderer@3.3.4":
  version "3.3.4"
  resolved "https://registry.npmjs.org/@vue/server-renderer/-/server-renderer-3.3.4.tgz"
  integrity sha512-Q6jDDzR23ViIb67v+vM1Dqntu+HUexQcsWKhhQa4ARVzxOY2HbC7QRW/ggkDBd5BU+uM1sV6XOAP0b216o34JQ==
  dependencies:
    "@vue/compiler-ssr" "3.3.4"
    "@vue/shared" "3.3.4"

"@vue/shared@3.3.4":
  version "3.3.4"
  resolved "https://registry.npmjs.org/@vue/shared/-/shared-3.3.4.tgz"
  integrity sha512-7OjdcV8vQ74eiz1TZLzZP4JwqM5fA94K6yntPS5Z25r9HDuGNzaGdgvwKYq6S+MxwF0TFRwe50fIR/MYnakdkQ==

"@vueuse/core@^10.3.0", "@vueuse/core@10.4.0":
  version "10.4.0"
  resolved "https://registry.npmmirror.com/@vueuse/core/-/core-10.4.0.tgz"
  integrity sha512-8JnnTwiuzUqfiYIW8H4FKG/g5ZMKSE+9auoFUwUAkzhqUjy24VbMkNlDBWetQCimiptx7RAO6u1IS55H6+p1Tg==
  dependencies:
    "@types/web-bluetooth" "^0.0.17"
    "@vueuse/metadata" "10.4.0"
    "@vueuse/shared" "10.4.0"
    vue-demi ">=0.14.5"

"@vueuse/integrations@^10.3.0":
  version "10.4.0"
  resolved "https://registry.npmmirror.com/@vueuse/integrations/-/integrations-10.4.0.tgz"
  integrity sha512-KZ4wXX4fOQfQG3KHm2q2dHvuKoa9+eQRY3NxlgRkIYYaBxIkgHt4eLY9512RE78On1CjV+3822ZmOJrIcHGn9A==
  dependencies:
    "@vueuse/core" "10.4.0"
    "@vueuse/shared" "10.4.0"
    vue-demi ">=0.14.5"

"@vueuse/metadata@10.4.0":
  version "10.4.0"
  resolved "https://registry.npmmirror.com/@vueuse/metadata/-/metadata-10.4.0.tgz"
  integrity sha512-JNf9IR7ZBTDxWPfQlHhqBOv1VLO6ReTZi9HGY7RABjYHVpaEpjlHU7HpZDVOJGDa0gKITAbA2zMkNSBjKMcdaw==

"@vueuse/shared@10.4.0":
  version "10.4.0"
  resolved "https://registry.npmmirror.com/@vueuse/shared/-/shared-10.4.0.tgz"
  integrity sha512-52asvLf5cbAS/h6xWjqoY4MgjxmFjnVNf/nA8BP7RbeIrIGcf+BZbeOcVo+92byqArXEJiBxptXpufQvbwJL/w==
  dependencies:
    vue-demi ">=0.14.5"

algoliasearch@^4.19.1, "algoliasearch@>= 4.9.1 < 6":
  version "4.19.1"
  resolved "https://registry.npmmirror.com/algoliasearch/-/algoliasearch-4.19.1.tgz"
  integrity sha512-IJF5b93b2MgAzcE/tuzW0yOPnuUyRgGAtaPv5UUywXM8kzqfdwZTO4sPJBzoGz1eOy6H9uEchsJsBFTELZSu+g==
  dependencies:
    "@algolia/cache-browser-local-storage" "4.19.1"
    "@algolia/cache-common" "4.19.1"
    "@algolia/cache-in-memory" "4.19.1"
    "@algolia/client-account" "4.19.1"
    "@algolia/client-analytics" "4.19.1"
    "@algolia/client-common" "4.19.1"
    "@algolia/client-personalization" "4.19.1"
    "@algolia/client-search" "4.19.1"
    "@algolia/logger-common" "4.19.1"
    "@algolia/logger-console" "4.19.1"
    "@algolia/requester-browser-xhr" "4.19.1"
    "@algolia/requester-common" "4.19.1"
    "@algolia/requester-node-http" "4.19.1"
    "@algolia/transporter" "4.19.1"

ansi-sequence-parser@^1.1.0:
  version "1.1.1"
  resolved "https://registry.npmmirror.com/ansi-sequence-parser/-/ansi-sequence-parser-1.1.1.tgz"
  integrity sha512-vJXt3yiaUL4UU546s3rPXlsry/RnM730G1+HkpKE012AN0sx1eOrxSu95oKDIonskeLTijMgqWZ3uDEe3NFvyg==

argparse@^1.0.7:
  version "1.0.10"
  resolved "https://registry.npmjs.org/argparse/-/argparse-1.0.10.tgz"
  integrity sha512-o5Roy6tNG4SL/FOkCAN6RzjiakZS25RLYFrcMttJqbdd8BWrnA+fGz57iN5Pb06pvBGvl5gQ0B48dJlslXvoTg==
  dependencies:
    sprintf-js "~1.0.2"

body-scroll-lock@4.0.0-beta.0:
  version "4.0.0-beta.0"
  resolved "https://registry.npmjs.org/body-scroll-lock/-/body-scroll-lock-4.0.0-beta.0.tgz"
  integrity sha512-a7tP5+0Mw3YlUJcGAKUqIBkYYGlYxk2fnCasq/FUph1hadxlTRjF+gAcZksxANnaMnALjxEddmSi/H3OR8ugcQ==

copy-anything@^2.0.1:
  version "2.0.6"
  resolved "https://registry.npmjs.org/copy-anything/-/copy-anything-2.0.6.tgz"
  integrity sha512-1j20GZTsvKNkc4BY3NpMOM8tt///wY3FpIzozTOFO2ffuZcV61nojHXVKIy3WM+7ADCy5FVhdZYHYDdgTU0yJw==
  dependencies:
    is-what "^3.14.1"

csstype@^3.1.1:
  version "3.1.2"
  resolved "https://registry.npmjs.org/csstype/-/csstype-3.1.2.tgz"
  integrity sha512-I7K1Uu0MBPzaFKg4nI5Q7Vs2t+3gWWW648spaF+Rg7pI9ds18Ugn+lvg4SHczUdKlHI5LWBXyqfS8+DufyBsgQ==

debug@^3.2.6:
  version "3.2.7"
  resolved "https://registry.npmjs.org/debug/-/debug-3.2.7.tgz"
  integrity sha512-CFjzYYAi4ThfiQvizrFQevTTXHtnCqWfe7x1AhgEscTz6ZbLbfoLRLPugTQyBth6f8ZERVUSyWHFD/7Wu4t1XQ==
  dependencies:
    ms "^2.1.1"

errno@^0.1.1:
  version "0.1.8"
  resolved "https://registry.npmjs.org/errno/-/errno-0.1.8.tgz"
  integrity sha512-dJ6oBr5SQ1VSd9qkk7ByRgb/1SH4JZjCHSW/mr63/QcXO9zLVxvJ6Oy13nio03rxpSnVDDjFor75SjVeZWPW/A==
  dependencies:
    prr "~1.0.1"

esbuild@^0.18.10:
  version "0.18.20"
  resolved "https://registry.npmmirror.com/esbuild/-/esbuild-0.18.20.tgz"
  integrity sha512-ceqxoedUrcayh7Y7ZX6NdbbDzGROiyVBgC4PriJThBKSVPWnnFHZAkfI1lJT8QFkOwH4qOS2SJkS4wvpGl8BpA==
  optionalDependencies:
    "@esbuild/android-arm" "0.18.20"
    "@esbuild/android-arm64" "0.18.20"
    "@esbuild/android-x64" "0.18.20"
    "@esbuild/darwin-arm64" "0.18.20"
    "@esbuild/darwin-x64" "0.18.20"
    "@esbuild/freebsd-arm64" "0.18.20"
    "@esbuild/freebsd-x64" "0.18.20"
    "@esbuild/linux-arm" "0.18.20"
    "@esbuild/linux-arm64" "0.18.20"
    "@esbuild/linux-ia32" "0.18.20"
    "@esbuild/linux-loong64" "0.18.20"
    "@esbuild/linux-mips64el" "0.18.20"
    "@esbuild/linux-ppc64" "0.18.20"
    "@esbuild/linux-riscv64" "0.18.20"
    "@esbuild/linux-s390x" "0.18.20"
    "@esbuild/linux-x64" "0.18.20"
    "@esbuild/netbsd-x64" "0.18.20"
    "@esbuild/openbsd-x64" "0.18.20"
    "@esbuild/sunos-x64" "0.18.20"
    "@esbuild/win32-arm64" "0.18.20"
    "@esbuild/win32-ia32" "0.18.20"
    "@esbuild/win32-x64" "0.18.20"

esm@^3.2.25:
  version "3.2.25"
  resolved "https://registry.npmmirror.com/esm/-/esm-3.2.25.tgz"
  integrity sha512-U1suiZ2oDVWv4zPO56S0NcR5QriEahGtdN2OR6FiOG4WJvcjBVFB0qI4+eKoWFH483PKGuLuu6V8Z4T5g63UVA==

esprima@^4.0.0:
  version "4.0.1"
  resolved "https://registry.npmjs.org/esprima/-/esprima-4.0.1.tgz"
  integrity sha512-eGuFFw7Upda+g4p+QHvnW0RyTX/SVeJBDM/gCtMARO0cLuT2HcEKnTPvhjV6aGeqrCB/sbNop0Kszm0jsaWU4A==

estree-walker@^2.0.2:
  version "2.0.2"
  resolved "https://registry.npmjs.org/estree-walker/-/estree-walker-2.0.2.tgz"
  integrity sha512-Rfkk/Mp/DL7JVje3u18FxFujQlTNR2q6QfMSMB7AvCBx91NGj/ba3kCfza0f6dVDbw7YlRf/nDrn7pQrCCyQ/w==

extend-shallow@^2.0.1:
  version "2.0.1"
  resolved "https://registry.npmjs.org/extend-shallow/-/extend-shallow-2.0.1.tgz"
  integrity sha512-zCnTtlxNoAiDc3gqY2aYAWFx7XWWiasuF2K8Me5WbN8otHKTUKBwjPtNpRs/rbUZm7KxWAaNj7P1a/p52GbVug==
  dependencies:
    is-extendable "^0.1.0"

focus-trap@*, focus-trap@^7.5.2:
  version "7.5.2"
  resolved "https://registry.npmmirror.com/focus-trap/-/focus-trap-7.5.2.tgz"
  integrity sha512-p6vGNNWLDGwJCiEjkSK6oERj/hEyI9ITsSwIUICBoKLlWiTWXJRfQibCwcoi50rTZdbi87qDtUlMCmQwsGSgPw==
  dependencies:
    tabbable "^6.2.0"

fsevents@~2.3.2:
  version "2.3.3"
  resolved "https://registry.npmmirror.com/fsevents/-/fsevents-2.3.3.tgz"
  integrity sha512-5xoDfX+fL7faATnagmWPpbFtwh/R77WmMMqqHGS65C3vvB0YHrgF+B1YmZ3441tMj5n63k0212XNoJwzlhffQw==

graceful-fs@^4.1.2:
  version "4.2.11"
  resolved "https://registry.npmjs.org/graceful-fs/-/graceful-fs-4.2.11.tgz"
  integrity sha512-RbJ5/jmFcNNCcDV5o9eTnBLJ/HszWV0P73bc+Ff4nS/rJj+YaS6IGyiOL0VoBYX+l1Wrl3k63h/KrH+nhJ0XvQ==

gray-matter@^4.0.3:
  version "4.0.3"
  resolved "https://registry.npmjs.org/gray-matter/-/gray-matter-4.0.3.tgz"
  integrity sha512-5v6yZd4JK3eMI3FqqCouswVqwugaA9r4dNZB1wwcmrD02QkV5H0y7XBQW8QwQqEaZY1pM9aqORSORhJRdNK44Q==
  dependencies:
    js-yaml "^3.13.1"
    kind-of "^6.0.2"
    section-matter "^1.0.0"
    strip-bom-string "^1.0.0"

iconv-lite@^0.6.3:
  version "0.6.3"
  resolved "https://registry.npmjs.org/iconv-lite/-/iconv-lite-0.6.3.tgz"
  integrity sha512-4fCk79wshMdzMp2rH06qWrJE4iolqLhCUH+OiuIgU++RB0+94NlDL81atO7GX55uUKueo0txHNtvEyI6D7WdMw==
  dependencies:
    safer-buffer ">= 2.1.2 < 3.0.0"

image-size@~0.5.0:
  version "0.5.5"
  resolved "https://registry.npmjs.org/image-size/-/image-size-0.5.5.tgz"
  integrity sha512-6TDAlDPZxUFCv+fuOkIoXT/V/f3Qbq8e37p+YOiYrUv3v9cc3/6x78VdfPgFVaB9dZYeLUfKgHRebpkm/oP2VQ==

is-extendable@^0.1.0:
  version "0.1.1"
  resolved "https://registry.npmjs.org/is-extendable/-/is-extendable-0.1.1.tgz"
  integrity sha512-5BMULNob1vgFX6EjQw5izWDxrecWK9AM72rugNr0TFldMOi0fj6Jk+zeKIt0xGj4cEfQIJth4w3OKWOJ4f+AFw==

is-what@^3.14.1:
  version "3.14.1"
  resolved "https://registry.npmjs.org/is-what/-/is-what-3.14.1.tgz"
  integrity sha512-sNxgpk9793nzSs7bA6JQJGeIuRBQhAaNGG77kzYQgMkrID+lS6SlK07K5LaptscDlSaIgH+GPFzf+d75FVxozA==

js-yaml@^3.13.1:
  version "3.14.1"
  resolved "https://registry.npmjs.org/js-yaml/-/js-yaml-3.14.1.tgz"
  integrity sha512-okMH7OXXJ7YrN9Ok3/SXrnu4iX9yOk+25nqX4imS2npuvTYDmo/QEZoqwZkYaIDk3jVvBOTOIEgEhaLOynBS9g==
  dependencies:
    argparse "^1.0.7"
    esprima "^4.0.0"

jsonc-parser@^3.2.0:
  version "3.2.0"
  resolved "https://registry.npmmirror.com/jsonc-parser/-/jsonc-parser-3.2.0.tgz"
  integrity sha512-gfFQZrcTc8CnKXp6Y4/CBT3fTc0OVuDofpre4aEeEpSBPV5X5v4+Vmx+8snU7RLPrNHPKSgLxGo9YuQzz20o+w==

kind-of@^6.0.0, kind-of@^6.0.2:
  version "6.0.3"
  resolved "https://registry.npmjs.org/kind-of/-/kind-of-6.0.3.tgz"
  integrity sha512-dcS1ul+9tmeD95T+x28/ehLgd9mENa3LsvDTtzm3vyBEO7RPptvAD+t44WVXaUjTBRcrpFeFlC8WCruUR456hw==

less@*, less@^4.1.3:
  version "4.1.3"
  resolved "https://registry.npmjs.org/less/-/less-4.1.3.tgz"
  integrity sha512-w16Xk/Ta9Hhyei0Gpz9m7VS8F28nieJaL/VyShID7cYvP6IL5oHeL6p4TXSDJqZE/lNv0oJ2pGVjJsRkfwm5FA==
  dependencies:
    copy-anything "^2.0.1"
    parse-node-version "^1.0.1"
    tslib "^2.3.0"
  optionalDependencies:
    errno "^0.1.1"
    graceful-fs "^4.1.2"
    image-size "~0.5.0"
    make-dir "^2.1.0"
    mime "^1.4.1"
    needle "^3.1.0"
    source-map "~0.6.0"

magic-string@^0.30.0:
  version "0.30.0"
  resolved "https://registry.npmjs.org/magic-string/-/magic-string-0.30.0.tgz"
  integrity sha512-LA+31JYDJLs82r2ScLrlz1GjSgu66ZV518eyWT+S8VhyQn/JL0u9MeBOvQMGYiPk1DBiSN9DDMOcXvigJZaViQ==
  dependencies:
    "@jridgewell/sourcemap-codec" "^1.4.13"

make-dir@^2.1.0:
  version "2.1.0"
  resolved "https://registry.npmjs.org/make-dir/-/make-dir-2.1.0.tgz"
  integrity sha512-LS9X+dc8KLxXCb8dni79fLIIUA5VyZoyjSMCwTluaXA0o27cCK0bhXkpgw+sTXVpPy/lSO57ilRixqk0vDmtRA==
  dependencies:
    pify "^4.0.1"
    semver "^5.6.0"

mark.js@8.11.1:
  version "8.11.1"
  resolved "https://registry.npmjs.org/mark.js/-/mark.js-8.11.1.tgz"
  integrity sha512-1I+1qpDt4idfgLQG+BNWmrqku+7/2bi5nLf4YwF8y8zXvmfiTBY3PV3ZibfrjBueCByROpuBjLLFCajqkgYoLQ==

mime@^1.4.1:
  version "1.6.0"
  resolved "https://registry.npmjs.org/mime/-/mime-1.6.0.tgz"
  integrity sha512-x0Vn8spI+wuJ1O6S7gnbaQg8Pxh4NNHb7KSINmEWKiPE4RKOplvijn+NkmYmmRgP68mc70j2EbeTFRsrswaQeg==

minisearch@^6.1.0:
  version "6.1.0"
  resolved "https://registry.npmjs.org/minisearch/-/minisearch-6.1.0.tgz"
  integrity sha512-PNxA/X8pWk+TiqPbsoIYH0GQ5Di7m6326/lwU/S4mlo4wGQddIcf/V//1f9TB0V4j59b57b+HZxt8h3iMROGvg==

ms@^2.1.1:
  version "2.1.2"
  resolved "https://registry.npmjs.org/ms/-/ms-2.1.2.tgz"
  integrity sha512-sGkPx+VjMtmA6MX27oA4FBFELFCZZ4S4XqeGOXCv68tT+jb3vk/RyaKWP0PTKyWtmLSM0b+adUTEvbs1PEaH2w==

nanoid@^3.3.6:
  version "3.3.6"
  resolved "https://registry.npmjs.org/nanoid/-/nanoid-3.3.6.tgz"
  integrity sha512-BGcqMMJuToF7i1rt+2PWSNVnWIkGCU78jBG3RxO/bZlnZPK2Cmi2QaffxGO/2RvWi9sL+FAiRiXMgsyxQ1DIDA==

needle@^3.1.0:
  version "3.2.0"
  resolved "https://registry.npmjs.org/needle/-/needle-3.2.0.tgz"
  integrity sha512-oUvzXnyLiVyVGoianLijF9O/RecZUf7TkBfimjGrLM4eQhXyeJwM6GeAWccwfQ9aa4gMCZKqhAOuLaMIcQxajQ==
  dependencies:
    debug "^3.2.6"
    iconv-lite "^0.6.3"
    sax "^1.2.4"

parse-node-version@^1.0.1:
  version "1.0.1"
  resolved "https://registry.npmjs.org/parse-node-version/-/parse-node-version-1.0.1.tgz"
  integrity sha512-3YHlOa/JgH6Mnpr05jP9eDG254US9ek25LyIxZlDItp2iJtwyaXQb57lBYLdT3MowkUFYEV2XXNAYIPlESvJlA==

picocolors@^1.0.0:
  version "1.0.0"
  resolved "https://registry.npmjs.org/picocolors/-/picocolors-1.0.0.tgz"
  integrity sha512-1fygroTLlHu66zi26VoTDv8yRgm0Fccecssto+MhsZ0D/DGW2sm8E8AjW7NU5VVTRt5GxbeZ5qBuJr+HyLYkjQ==

pify@^4.0.1:
  version "4.0.1"
  resolved "https://registry.npmjs.org/pify/-/pify-4.0.1.tgz"
  integrity sha512-uB80kBFb/tfd68bVleG9T5GGsGPjJrLAUpR5PZIrhBnIaRTQRjqdJSsIKkOP6OAIFbj7GOrcudc5pNjZ+geV2g==

postcss@^8.1.10, postcss@^8.4.27:
  version "8.4.28"
  resolved "https://registry.npmmirror.com/postcss/-/postcss-8.4.28.tgz"
  integrity sha512-Z7V5j0cq8oEKyejIKfpD8b4eBy9cwW2JWPk0+fB1HOAMsfHbnAXLLS+PfVWlzMSLQaWttKDt607I0XHmpE67Vw==
  dependencies:
    nanoid "^3.3.6"
    picocolors "^1.0.0"
    source-map-js "^1.0.2"

preact@^10.0.0:
  version "10.17.1"
  resolved "https://registry.npmmirror.com/preact/-/preact-10.17.1.tgz"
  integrity sha512-X9BODrvQ4Ekwv9GURm9AKAGaomqXmip7NQTZgY7gcNmr7XE83adOMJvd3N42id1tMFU7ojiynRsYnY6/BRFxLA==

prr@~1.0.1:
  version "1.0.1"
  resolved "https://registry.npmjs.org/prr/-/prr-1.0.1.tgz"
  integrity sha512-yPw4Sng1gWghHQWj0B3ZggWUm4qVbPwPFcRG8KyxiU7J2OHFSoEHKS+EZ3fv5l1t9CyCiop6l/ZYeWbrgoQejw==

rollup@^3.27.1:
  version "3.28.1"
  resolved "https://registry.npmmirror.com/rollup/-/rollup-3.28.1.tgz"
  integrity sha512-R9OMQmIHJm9znrU3m3cpE8uhN0fGdXiawME7aZIpQqvpS/85+Vt1Hq1/yVIcYfOmaQiHjvXkQAoJukvLpau6Yw==
  optionalDependencies:
    fsevents "~2.3.2"

"safer-buffer@>= 2.1.2 < 3.0.0":
  version "2.1.2"
  resolved "https://registry.npmjs.org/safer-buffer/-/safer-buffer-2.1.2.tgz"
  integrity sha512-YZo3K82SD7Riyi0E1EQPojLz7kpepnSQI9IyPbHHg1XXXevb5dJI7tpyN2ADxGcQbHG7vcyRHk0cbwqcQriUtg==

sax@^1.2.4:
  version "1.2.4"
  resolved "https://registry.npmjs.org/sax/-/sax-1.2.4.tgz"
  integrity sha512-NqVDv9TpANUjFm0N8uM5GxL36UgKi9/atZw+x7YFnQ8ckwFGKrl4xX4yWtrey3UJm5nP1kUbnYgLopqWNSRhWw==

"search-insights@>= 1 < 3":
  version "2.7.0"
  resolved "https://registry.npmmirror.com/search-insights/-/search-insights-2.7.0.tgz"
  integrity sha512-GLbVaGgzYEKMvuJbHRhLi1qoBFnjXZGZ6l4LxOYPCp4lI2jDRB3jPU9/XNhMwv6kvnA9slTreq6pvK+b3o3aqg==

section-matter@^1.0.0:
  version "1.0.0"
  resolved "https://registry.npmjs.org/section-matter/-/section-matter-1.0.0.tgz"
  integrity sha512-vfD3pmTzGpufjScBh50YHKzEu2lxBWhVEHsNGoEXmCmn2hKGfeNLYMzCJpe8cD7gqX7TJluOVpBkAequ6dgMmA==
  dependencies:
    extend-shallow "^2.0.1"
    kind-of "^6.0.0"

semver@^5.6.0:
  version "5.7.1"
  resolved "https://registry.npmjs.org/semver/-/semver-5.7.1.tgz"
  integrity sha512-sauaDf/PZdVgrLTNYHRtpXa1iRiKcaebiKQ1BJdpQlWH2lCvexQdX55snPFyK7QzpudqbCI0qXFfOasHdyNDGQ==

shiki@^0.14.3:
  version "0.14.3"
  resolved "https://registry.npmmirror.com/shiki/-/shiki-0.14.3.tgz"
  integrity sha512-U3S/a+b0KS+UkTyMjoNojvTgrBHjgp7L6ovhFVZsXmBGnVdQ4K4U9oK0z63w538S91ATngv1vXigHCSWOwnr+g==
  dependencies:
    ansi-sequence-parser "^1.1.0"
    jsonc-parser "^3.2.0"
    vscode-oniguruma "^1.7.0"
    vscode-textmate "^8.0.0"

source-map-js@^1.0.2:
  version "1.0.2"
  resolved "https://registry.npmjs.org/source-map-js/-/source-map-js-1.0.2.tgz"
  integrity sha512-R0XvVJ9WusLiqTCEiGCmICCMplcCkIwwR11mOSD9CR5u+IXYdiseeEuXCVAjS54zqwkLcPNnmU4OeJ6tUrWhDw==

source-map@~0.6.0:
  version "0.6.1"
  resolved "https://registry.npmjs.org/source-map/-/source-map-0.6.1.tgz"
  integrity sha512-UjgapumWlbMhkBgzT7Ykc5YXUT46F0iKu8SGXq0bcwP5dz/h0Plj6enJqjz1Zbq2l5WaqYnrVbwWOWMyF3F47g==

sprintf-js@~1.0.2:
  version "1.0.3"
  resolved "https://registry.npmjs.org/sprintf-js/-/sprintf-js-1.0.3.tgz"
  integrity sha512-D9cPgkvLlV3t3IzL0D0YLvGA9Ahk4PcvVwUbN0dSGr1aP0Nrt4AEnTUbuGvquEC0mA64Gqt1fzirlRs5ibXx8g==

strip-bom-string@^1.0.0:
  version "1.0.0"
  resolved "https://registry.npmjs.org/strip-bom-string/-/strip-bom-string-1.0.0.tgz"
  integrity sha512-uCC2VHvQRYu+lMh4My/sFNmF2klFymLX1wHJeXnbEJERpV/ZsVuonzerjfrGpIGF7LBVa1O7i9kjiWvJiFck8g==

tabbable@^6.2.0:
  version "6.2.0"
  resolved "https://registry.npmmirror.com/tabbable/-/tabbable-6.2.0.tgz"
  integrity sha512-Cat63mxsVJlzYvN51JmVXIgNoUokrIaT2zLclCXjRd8boZ0004U4KCs/sToJ75C6sdlByWxpYnb5Boif1VSFew==

tslib@^2.3.0:
  version "2.5.3"
  resolved "https://registry.npmjs.org/tslib/-/tslib-2.5.3.tgz"
  integrity sha512-mSxlJJwl3BMEQCUNnxXBU9jP4JBktcEGhURcPR6VQVlnP0FdDEsIaz0C35dXNGLyRfrATNofF0F5p2KPxQgB+w==

vite@^4.0.0, vite@^4.4.9:
  version "4.4.9"
  resolved "https://registry.npmmirror.com/vite/-/vite-4.4.9.tgz"
  integrity sha512-2mbUn2LlUmNASWwSCNSJ/EG2HuSRTnVNaydp6vMCm5VIqJsjMfbIWtbH2kDuwUVW5mMUKKZvGPX/rqeqVvv1XA==
  dependencies:
    esbuild "^0.18.10"
    postcss "^8.4.27"
    rollup "^3.27.1"
  optionalDependencies:
    fsevents "~2.3.2"

vitepress@latest:
  version "1.0.0-rc.4"
  resolved "https://registry.npmmirror.com/vitepress/-/vitepress-1.0.0-rc.4.tgz"
  integrity sha512-JCQ89Bm6ECUTnyzyas3JENo00UDJeK8q1SUQyJYou+4Yz5BKEc/F3O21cu++DnUT2zXc0kvQ2Aj4BZCc/nioXQ==
  dependencies:
    "@docsearch/css" "^3.5.1"
    "@docsearch/js" "^3.5.1"
    "@vitejs/plugin-vue" "^4.2.3"
    "@vue/devtools-api" "^6.5.0"
    "@vueuse/core" "^10.3.0"
    "@vueuse/integrations" "^10.3.0"
    body-scroll-lock "4.0.0-beta.0"
    focus-trap "^7.5.2"
    mark.js "8.11.1"
    minisearch "^6.1.0"
    shiki "^0.14.3"
    vite "^4.4.9"
    vue "^3.3.4"

vscode-oniguruma@^1.7.0:
  version "1.7.0"
  resolved "https://registry.npmmirror.com/vscode-oniguruma/-/vscode-oniguruma-1.7.0.tgz"
  integrity sha512-L9WMGRfrjOhgHSdOYgCt/yRMsXzLDJSL7BPrOZt73gU0iWO4mpqzqQzOz5srxqTvMBaR0XZTSrVWo4j55Rc6cA==

vscode-textmate@^8.0.0:
  version "8.0.0"
  resolved "https://registry.npmmirror.com/vscode-textmate/-/vscode-textmate-8.0.0.tgz"
  integrity sha512-AFbieoL7a5LMqcnOF04ji+rpXadgOXnZsxQr//r83kLPr7biP7am3g9zbaZIaBGwBRWeSvoMD4mgPdX3e4NWBg==

vue-demi@>=0.14.5:
  version "0.14.5"
  resolved "https://registry.npmmirror.com/vue-demi/-/vue-demi-0.14.5.tgz"
  integrity sha512-o9NUVpl/YlsGJ7t+xuqJKx8EBGf1quRhCiT6D/J0pfwmk9zUwYkC7yrF4SZCe6fETvSM3UNL2edcbYrSyc4QHA==

vue-router@^4.2.4:
  version "4.2.4"
  resolved "https://registry.npmjs.org/vue-router/-/vue-router-4.2.4.tgz"
  integrity sha512-9PISkmaCO02OzPVOMq2w82ilty6+xJmQrarYZDkjZBfl4RvYAlt4PKnEX21oW4KTtWfa9OuO/b3qk1Od3AEdCQ==
  dependencies:
    "@vue/devtools-api" "^6.5.0"

"vue@^3.0.0-0 || ^2.6.0", vue@^3.2.0, vue@^3.2.25, vue@^3.3.4, vue@3.3.4, vue@3.x:
  version "3.3.4"
  resolved "https://registry.npmjs.org/vue/-/vue-3.3.4.tgz"
  integrity sha512-VTyEYn3yvIeY1Py0WaYGZsXnz3y5UnGi62GjVEqvEGPl6nxbOrCXbVOTQWBEJUqAyTUk2uJ5JLVnYJ6ZzGbrSw==
  dependencies:
    "@vue/compiler-dom" "3.3.4"
    "@vue/compiler-sfc" "3.3.4"
    "@vue/runtime-dom" "3.3.4"
    "@vue/server-renderer" "3.3.4"
    "@vue/shared" "3.3.4"
